
Microsoft Visual Studio Solution File, Format Version 12.00
# Visual Studio Version 16
VisualStudioVersion = 16.0.33214.272
MinimumVisualStudioVersion = 10.0.40219.1
Project("{FAE04EC0-301F-11D3-BF4B-00C04F79EFBC}") = "MdTool", "MdTool.csproj", "{936B0A4A-2EED-433F-BBAD-C998158F3BDA}"
EndProject
Global
	GlobalSection(SolutionConfigurationPlatforms) = preSolution
		Debug|Any CPU = Debug|Any CPU
		Release|Any CPU = Release|Any CPU
	EndGlobalSection
	GlobalSection(ProjectConfigurationPlatforms) = postSolution
		{936B0A4A-2EED-433F-BBAD-C998158F3BDA}.Debug|Any CPU.ActiveCfg = Debug|Any CPU
		{936B0A4A-2EED-433F-BBAD-C998158F3BDA}.Debug|Any CPU.Build.0 = Debug|Any CPU
		{936B0A4A-2EED-433F-BBAD-C998158F3BDA}.Release|Any CPU.ActiveCfg = Release|Any CPU
		{936B0A4A-2EED-433F-BBAD-C998158F3BDA}.Release|Any CPU.Build.0 = Release|Any CPU
	EndGlobalSection
	GlobalSection(SolutionProperties) = preSolution
		HideSolutionNode = FALSE
	EndGlobalSection
	GlobalSection(ExtensibilityGlobals) = postSolution
		SolutionGuid = {4E0890A6-BA95-4815-9836-66EF0E41D094}
	EndGlobalSection
EndGlobal
