
Microsoft Visual Studio Solution File, Format Version 12.00
# Visual Studio Version 16
VisualStudioVersion = 16.0.33214.272
MinimumVisualStudioVersion = 10.0.40219.1
Project("{FAE04EC0-301F-11D3-BF4B-00C04F79EFBC}") = "DaTool", "DaTool.csproj", "{4E2E15FE-0CAA-4C72-9D74-4943F0AB1698}"
EndProject
Global
	GlobalSection(SolutionConfigurationPlatforms) = preSolution
		Debug|Any CPU = Debug|Any CPU
		Release|Any CPU = Release|Any CPU
	EndGlobalSection
	GlobalSection(ProjectConfigurationPlatforms) = postSolution
		{4E2E15FE-0CAA-4C72-9D74-4943F0AB1698}.Debug|Any CPU.ActiveCfg = Debug|Any CPU
		{4E2E15FE-0CAA-4C72-9D74-4943F0AB1698}.Debug|Any CPU.Build.0 = Debug|Any CPU
		{4E2E15FE-0CAA-4C72-9D74-4943F0AB1698}.Release|Any CPU.ActiveCfg = Release|Any CPU
		{4E2E15FE-0CAA-4C72-9D74-4943F0AB1698}.Release|Any CPU.Build.0 = Release|Any CPU
	EndGlobalSection
	GlobalSection(SolutionProperties) = preSolution
		HideSolutionNode = FALSE
	EndGlobalSection
	GlobalSection(ExtensibilityGlobals) = postSolution
		SolutionGuid = {70150E9B-1D05-4BAA-9B2E-5701D8992332}
	EndGlobalSection
EndGlobal
